
Microsoft Visual Studio Solution File, Format Version 12.00
# Visual Studio Version 17
VisualStudioVersion = 17.0.31919.166
MinimumVisualStudioVersion = 10.0.40219.1
Project("{FAE04EC0-301F-11D3-BF4B-00C04F79EFBC}") = "Silmoon.Windows", "Silmoon.Windows\Silmoon.Windows.csproj", "{46A25DB6-96C7-48C5-B73D-24F8EBC1102D}"
EndProject
Project("{9A19103F-16F7-4668-BE54-9A1E7A4F7556}") = "Silmoon.Extension", "Silmoon.Extension\Silmoon.Extension.csproj", "{551D2440-C3F5-40DE-A7DA-D278DF2DB027}"
EndProject
Project("{FAE04EC0-301F-11D3-BF4B-00C04F79EFBC}") = "Silmoon.Web", "Silmoon.Web\Silmoon.Web.csproj", "{4C84E5B1-E0CA-47DF-85FE-32292E771670}"
EndProject
Project("{9A19103F-16F7-4668-BE54-9A1E7A4F7556}") = "Silmoon.Net", "Silmoon.Net\Silmoon.Net.csproj", "{D595A3FA-798E-44A8-9CDA-AA688AF4A3B6}"
EndProject
Project("{9A19103F-16F7-4668-BE54-9A1E7A4F7556}") = "Silmoon", "Silmoon\Silmoon.csproj", "{F6BB3CE1-6918-414D-B83E-D5D80F2C76DF}"
EndProject
Project("{9A19103F-16F7-4668-BE54-9A1E7A4F7556}") = "WinFormTest", "WinFormTest\WinFormTest.csproj", "{D267F97E-6FCE-4567-8C63-3F30E9C5FCEB}"
EndProject
Project("{9A19103F-16F7-4668-BE54-9A1E7A4F7556}") = "Silmoon.Core", "Silmoon.Core\Silmoon.Core.csproj", "{69DEE3AD-AB43-4EC0-B9AA-FFB9A274AED5}"
EndProject
Project("{2150E333-8FDC-42A3-9474-1A3956D46DE8}") = "解决方案项", "解决方案项", "{8D597025-4CD1-4958-B2A9-1FA50B7F9834}"
	ProjectSection(SolutionItems) = preProject
		.gitattributes = .gitattributes
		.gitignore = .gitignore
		LICENSE = LICENSE
		logo.png = logo.png
		README.md = README.md
		sn.snk = sn.snk
	EndProjectSection
EndProject
Project("{FAE04EC0-301F-11D3-BF4B-00C04F79EFBC}") = "Silmoon.Runtime", "Silmoon.Runtime\Silmoon.Runtime.csproj", "{30D14160-5500-42CF-8EB9-94CFB36CA419}"
EndProject
Project("{2150E333-8FDC-42A3-9474-1A3956D46DE8}") = "Testing", "Testing", "{28B5EA76-99E0-4655-9EB7-F6B8906FB036}"
EndProject
Project("{FAE04EC0-301F-11D3-BF4B-00C04F79EFBC}") = "Silmoon.Runtime.Testing", "Silmoon.Runtime.Testing\Silmoon.Runtime.Testing.csproj", "{BAE25391-0B80-47BB-95F6-F338BCBDDA31}"
EndProject
Project("{FAE04EC0-301F-11D3-BF4B-00C04F79EFBC}") = "Silmoon.Runtime.TestingCode", "Silmoon.Runtime.TestingCode\Silmoon.Runtime.TestingCode.csproj", "{F021B357-6FD0-4356-BDB5-65CB4F9518CE}"
EndProject
Project("{FAE04EC0-301F-11D3-BF4B-00C04F79EFBC}") = "ConsoleAppTesting", "ConsoleAppTesting\ConsoleAppTesting.csproj", "{FA65A3F4-9E99-47A0-A522-4C4C978792F1}"
EndProject
Global
	GlobalSection(SolutionConfigurationPlatforms) = preSolution
		Debug|Any CPU = Debug|Any CPU
		Release|Any CPU = Release|Any CPU
	EndGlobalSection
	GlobalSection(ProjectConfigurationPlatforms) = postSolution
		{46A25DB6-96C7-48C5-B73D-24F8EBC1102D}.Debug|Any CPU.ActiveCfg = Debug|Any CPU
		{46A25DB6-96C7-48C5-B73D-24F8EBC1102D}.Debug|Any CPU.Build.0 = Debug|Any CPU
		{46A25DB6-96C7-48C5-B73D-24F8EBC1102D}.Release|Any CPU.ActiveCfg = Release|Any CPU
		{46A25DB6-96C7-48C5-B73D-24F8EBC1102D}.Release|Any CPU.Build.0 = Release|Any CPU
		{551D2440-C3F5-40DE-A7DA-D278DF2DB027}.Debug|Any CPU.ActiveCfg = Debug|Any CPU
		{551D2440-C3F5-40DE-A7DA-D278DF2DB027}.Debug|Any CPU.Build.0 = Debug|Any CPU
		{551D2440-C3F5-40DE-A7DA-D278DF2DB027}.Release|Any CPU.ActiveCfg = Release|Any CPU
		{551D2440-C3F5-40DE-A7DA-D278DF2DB027}.Release|Any CPU.Build.0 = Release|Any CPU
		{4C84E5B1-E0CA-47DF-85FE-32292E771670}.Debug|Any CPU.ActiveCfg = Debug|Any CPU
		{4C84E5B1-E0CA-47DF-85FE-32292E771670}.Debug|Any CPU.Build.0 = Debug|Any CPU
		{4C84E5B1-E0CA-47DF-85FE-32292E771670}.Release|Any CPU.ActiveCfg = Release|Any CPU
		{4C84E5B1-E0CA-47DF-85FE-32292E771670}.Release|Any CPU.Build.0 = Release|Any CPU
		{D595A3FA-798E-44A8-9CDA-AA688AF4A3B6}.Debug|Any CPU.ActiveCfg = Debug|Any CPU
		{D595A3FA-798E-44A8-9CDA-AA688AF4A3B6}.Debug|Any CPU.Build.0 = Debug|Any CPU
		{D595A3FA-798E-44A8-9CDA-AA688AF4A3B6}.Release|Any CPU.ActiveCfg = Release|Any CPU
		{D595A3FA-798E-44A8-9CDA-AA688AF4A3B6}.Release|Any CPU.Build.0 = Release|Any CPU
		{F6BB3CE1-6918-414D-B83E-D5D80F2C76DF}.Debug|Any CPU.ActiveCfg = Debug|Any CPU
		{F6BB3CE1-6918-414D-B83E-D5D80F2C76DF}.Debug|Any CPU.Build.0 = Debug|Any CPU
		{F6BB3CE1-6918-414D-B83E-D5D80F2C76DF}.Release|Any CPU.ActiveCfg = Release|Any CPU
		{F6BB3CE1-6918-414D-B83E-D5D80F2C76DF}.Release|Any CPU.Build.0 = Release|Any CPU
		{D267F97E-6FCE-4567-8C63-3F30E9C5FCEB}.Debug|Any CPU.ActiveCfg = Debug|Any CPU
		{D267F97E-6FCE-4567-8C63-3F30E9C5FCEB}.Debug|Any CPU.Build.0 = Debug|Any CPU
		{D267F97E-6FCE-4567-8C63-3F30E9C5FCEB}.Release|Any CPU.ActiveCfg = Release|Any CPU
		{D267F97E-6FCE-4567-8C63-3F30E9C5FCEB}.Release|Any CPU.Build.0 = Release|Any CPU
		{69DEE3AD-AB43-4EC0-B9AA-FFB9A274AED5}.Debug|Any CPU.ActiveCfg = Debug|Any CPU
		{69DEE3AD-AB43-4EC0-B9AA-FFB9A274AED5}.Debug|Any CPU.Build.0 = Debug|Any CPU
		{69DEE3AD-AB43-4EC0-B9AA-FFB9A274AED5}.Release|Any CPU.ActiveCfg = Release|Any CPU
		{69DEE3AD-AB43-4EC0-B9AA-FFB9A274AED5}.Release|Any CPU.Build.0 = Release|Any CPU
		{30D14160-5500-42CF-8EB9-94CFB36CA419}.Debug|Any CPU.ActiveCfg = Debug|Any CPU
		{30D14160-5500-42CF-8EB9-94CFB36CA419}.Debug|Any CPU.Build.0 = Debug|Any CPU
		{30D14160-5500-42CF-8EB9-94CFB36CA419}.Release|Any CPU.ActiveCfg = Release|Any CPU
		{30D14160-5500-42CF-8EB9-94CFB36CA419}.Release|Any CPU.Build.0 = Release|Any CPU
		{BAE25391-0B80-47BB-95F6-F338BCBDDA31}.Debug|Any CPU.ActiveCfg = Debug|Any CPU
		{BAE25391-0B80-47BB-95F6-F338BCBDDA31}.Debug|Any CPU.Build.0 = Debug|Any CPU
		{BAE25391-0B80-47BB-95F6-F338BCBDDA31}.Release|Any CPU.ActiveCfg = Release|Any CPU
		{BAE25391-0B80-47BB-95F6-F338BCBDDA31}.Release|Any CPU.Build.0 = Release|Any CPU
		{F021B357-6FD0-4356-BDB5-65CB4F9518CE}.Debug|Any CPU.ActiveCfg = Debug|Any CPU
		{F021B357-6FD0-4356-BDB5-65CB4F9518CE}.Debug|Any CPU.Build.0 = Debug|Any CPU
		{F021B357-6FD0-4356-BDB5-65CB4F9518CE}.Release|Any CPU.ActiveCfg = Release|Any CPU
		{F021B357-6FD0-4356-BDB5-65CB4F9518CE}.Release|Any CPU.Build.0 = Release|Any CPU
		{FA65A3F4-9E99-47A0-A522-4C4C978792F1}.Debug|Any CPU.ActiveCfg = Debug|Any CPU
		{FA65A3F4-9E99-47A0-A522-4C4C978792F1}.Debug|Any CPU.Build.0 = Debug|Any CPU
		{FA65A3F4-9E99-47A0-A522-4C4C978792F1}.Release|Any CPU.ActiveCfg = Release|Any CPU
		{FA65A3F4-9E99-47A0-A522-4C4C978792F1}.Release|Any CPU.Build.0 = Release|Any CPU
	EndGlobalSection
	GlobalSection(SolutionProperties) = preSolution
		HideSolutionNode = FALSE
	EndGlobalSection
	GlobalSection(NestedProjects) = preSolution
		{D267F97E-6FCE-4567-8C63-3F30E9C5FCEB} = {28B5EA76-99E0-4655-9EB7-F6B8906FB036}
		{BAE25391-0B80-47BB-95F6-F338BCBDDA31} = {28B5EA76-99E0-4655-9EB7-F6B8906FB036}
		{F021B357-6FD0-4356-BDB5-65CB4F9518CE} = {28B5EA76-99E0-4655-9EB7-F6B8906FB036}
		{FA65A3F4-9E99-47A0-A522-4C4C978792F1} = {28B5EA76-99E0-4655-9EB7-F6B8906FB036}
	EndGlobalSection
	GlobalSection(ExtensibilityGlobals) = postSolution
		SolutionGuid = {18B93CD3-1A51-425B-89D1-03A0565D2E21}
		VisualSVNWorkingCopyRoot = .
	EndGlobalSection
EndGlobal
