
Microsoft Visual Studio Solution File, Format Version 12.00
# Visual Studio Version 17
VisualStudioVersion = 17.0.31919.166
MinimumVisualStudioVersion = 10.0.40219.1
Project("{FAE04EC0-301F-11D3-BF4B-00C04F79EFBC}") = "Silmoon.Windows.Explorer.BHO", "silmoon.windows.explorer.bho\Silmoon.Windows.Explorer.BHO.csproj", "{DF03D4B1-60C9-43E7-8372-85FDBE34546B}"
EndProject
Project("{FAE04EC0-301F-11D3-BF4B-00C04F79EFBC}") = "Silmoon.Windows", "Silmoon.Windows\Silmoon.Windows.csproj", "{46A25DB6-96C7-48C5-B73D-24F8EBC1102D}"
EndProject
Project("{FAE04EC0-301F-11D3-BF4B-00C04F79EFBC}") = "Silmoon.Media.PlayerApp", "Silmoon.Media.PlayerApp\Silmoon.Media.PlayerApp.csproj", "{F032BCAC-0DBE-4B29-8F4C-97BBF5C86455}"
EndProject
Project("{FAE04EC0-301F-11D3-BF4B-00C04F79EFBC}") = "Silmoon.Media", "Silmoon.Media\Silmoon.Media.csproj", "{1631B051-29B4-4D13-8AA3-325ABE41A307}"
EndProject
Project("{FAE04EC0-301F-11D3-BF4B-00C04F79EFBC}") = "Silmoon.Windows.Server", "Silmoon.Windows.Server\Silmoon.Windows.Server.csproj", "{D9442201-99D5-4A5E-9FF5-7227BEE00F13}"
EndProject
Project("{FAE04EC0-301F-11D3-BF4B-00C04F79EFBC}") = "NetTest", "NetTest\NetTest.csproj", "{F26527AC-76AD-437D-A0AD-963B8DFA9B09}"
EndProject
Project("{8BC9CEB8-8B4A-11D0-8D11-00A0C91BC942}") = "Silmoon.Win32", "Silmoon.Win32\Silmoon.Win32.vcxproj", "{BD720951-9C4A-44D7-B737-10BDE6BF4D27}"
EndProject
Project("{FAE04EC0-301F-11D3-BF4B-00C04F79EFBC}") = "Silmoon.Data.MySql", "Silmoon.Data.MySql\Silmoon.Data.MySql.csproj", "{5065F694-026F-4045-A446-DF860DA3F657}"
EndProject
Project("{9A19103F-16F7-4668-BE54-9A1E7A4F7556}") = "Silmoon.Extension", "Silmoon.Extension\Silmoon.Extension.csproj", "{551D2440-C3F5-40DE-A7DA-D278DF2DB027}"
EndProject
Project("{FAE04EC0-301F-11D3-BF4B-00C04F79EFBC}") = "Silmoon.Web", "Silmoon.Web\Silmoon.Web.csproj", "{4C84E5B1-E0CA-47DF-85FE-32292E771670}"
EndProject
Project("{9A19103F-16F7-4668-BE54-9A1E7A4F7556}") = "Silmoon.Net", "Silmoon.Net\Silmoon.Net.csproj", "{D595A3FA-798E-44A8-9CDA-AA688AF4A3B6}"
EndProject
Project("{9A19103F-16F7-4668-BE54-9A1E7A4F7556}") = "Silmoon.Web.Core", "Silmoon.Web.Core\Silmoon.Web.Core.csproj", "{E95B8D17-0B0B-48BD-88F6-EDE4CBD7AA70}"
EndProject
Project("{9A19103F-16F7-4668-BE54-9A1E7A4F7556}") = "Silmoon.Data", "Silmoon.Data\Silmoon.Data.csproj", "{1492066C-2564-488A-8775-5BDC117DF17E}"
EndProject
Project("{9A19103F-16F7-4668-BE54-9A1E7A4F7556}") = "Silmoon.Drawing", "Silmoon.Drawing\Silmoon.Drawing.csproj", "{A4766B9C-0C2F-4341-8029-65AA4EAF08DE}"
EndProject
Project("{9A19103F-16F7-4668-BE54-9A1E7A4F7556}") = "Silmoon.Runtime", "Silmoon.Runtime\Silmoon.Runtime.csproj", "{A0BDDBAE-4451-446F-9848-1484B3C379B3}"
EndProject
Project("{9A19103F-16F7-4668-BE54-9A1E7A4F7556}") = "Silmoon.Models", "Silmoon.Models\Silmoon.Models.csproj", "{E0866D63-EC50-4A2C-AED2-2DE469BA0F80}"
EndProject
Global
	GlobalSection(SolutionConfigurationPlatforms) = preSolution
		Debug|Any CPU = Debug|Any CPU
		Debug|Mixed Platforms = Debug|Mixed Platforms
		Debug|Win32 = Debug|Win32
		Release|Any CPU = Release|Any CPU
		Release|Mixed Platforms = Release|Mixed Platforms
		Release|Win32 = Release|Win32
	EndGlobalSection
	GlobalSection(ProjectConfigurationPlatforms) = postSolution
		{DF03D4B1-60C9-43E7-8372-85FDBE34546B}.Debug|Any CPU.ActiveCfg = Debug|Any CPU
		{DF03D4B1-60C9-43E7-8372-85FDBE34546B}.Debug|Any CPU.Build.0 = Debug|Any CPU
		{DF03D4B1-60C9-43E7-8372-85FDBE34546B}.Debug|Mixed Platforms.ActiveCfg = Debug|Any CPU
		{DF03D4B1-60C9-43E7-8372-85FDBE34546B}.Debug|Mixed Platforms.Build.0 = Debug|Any CPU
		{DF03D4B1-60C9-43E7-8372-85FDBE34546B}.Debug|Win32.ActiveCfg = Debug|Any CPU
		{DF03D4B1-60C9-43E7-8372-85FDBE34546B}.Release|Any CPU.ActiveCfg = Release|Any CPU
		{DF03D4B1-60C9-43E7-8372-85FDBE34546B}.Release|Any CPU.Build.0 = Release|Any CPU
		{DF03D4B1-60C9-43E7-8372-85FDBE34546B}.Release|Mixed Platforms.ActiveCfg = Release|Any CPU
		{DF03D4B1-60C9-43E7-8372-85FDBE34546B}.Release|Mixed Platforms.Build.0 = Release|Any CPU
		{DF03D4B1-60C9-43E7-8372-85FDBE34546B}.Release|Win32.ActiveCfg = Release|Any CPU
		{46A25DB6-96C7-48C5-B73D-24F8EBC1102D}.Debug|Any CPU.ActiveCfg = Debug|Any CPU
		{46A25DB6-96C7-48C5-B73D-24F8EBC1102D}.Debug|Any CPU.Build.0 = Debug|Any CPU
		{46A25DB6-96C7-48C5-B73D-24F8EBC1102D}.Debug|Mixed Platforms.ActiveCfg = Debug|Any CPU
		{46A25DB6-96C7-48C5-B73D-24F8EBC1102D}.Debug|Mixed Platforms.Build.0 = Debug|Any CPU
		{46A25DB6-96C7-48C5-B73D-24F8EBC1102D}.Debug|Win32.ActiveCfg = Debug|Any CPU
		{46A25DB6-96C7-48C5-B73D-24F8EBC1102D}.Release|Any CPU.ActiveCfg = Release|Any CPU
		{46A25DB6-96C7-48C5-B73D-24F8EBC1102D}.Release|Any CPU.Build.0 = Release|Any CPU
		{46A25DB6-96C7-48C5-B73D-24F8EBC1102D}.Release|Mixed Platforms.ActiveCfg = Release|Any CPU
		{46A25DB6-96C7-48C5-B73D-24F8EBC1102D}.Release|Mixed Platforms.Build.0 = Release|Any CPU
		{46A25DB6-96C7-48C5-B73D-24F8EBC1102D}.Release|Win32.ActiveCfg = Release|Any CPU
		{F032BCAC-0DBE-4B29-8F4C-97BBF5C86455}.Debug|Any CPU.ActiveCfg = Debug|Any CPU
		{F032BCAC-0DBE-4B29-8F4C-97BBF5C86455}.Debug|Any CPU.Build.0 = Debug|Any CPU
		{F032BCAC-0DBE-4B29-8F4C-97BBF5C86455}.Debug|Mixed Platforms.ActiveCfg = Debug|Any CPU
		{F032BCAC-0DBE-4B29-8F4C-97BBF5C86455}.Debug|Mixed Platforms.Build.0 = Debug|Any CPU
		{F032BCAC-0DBE-4B29-8F4C-97BBF5C86455}.Debug|Win32.ActiveCfg = Debug|Any CPU
		{F032BCAC-0DBE-4B29-8F4C-97BBF5C86455}.Release|Any CPU.ActiveCfg = Release|Any CPU
		{F032BCAC-0DBE-4B29-8F4C-97BBF5C86455}.Release|Any CPU.Build.0 = Release|Any CPU
		{F032BCAC-0DBE-4B29-8F4C-97BBF5C86455}.Release|Mixed Platforms.ActiveCfg = Release|Any CPU
		{F032BCAC-0DBE-4B29-8F4C-97BBF5C86455}.Release|Mixed Platforms.Build.0 = Release|Any CPU
		{F032BCAC-0DBE-4B29-8F4C-97BBF5C86455}.Release|Win32.ActiveCfg = Release|Any CPU
		{1631B051-29B4-4D13-8AA3-325ABE41A307}.Debug|Any CPU.ActiveCfg = Debug|Any CPU
		{1631B051-29B4-4D13-8AA3-325ABE41A307}.Debug|Any CPU.Build.0 = Debug|Any CPU
		{1631B051-29B4-4D13-8AA3-325ABE41A307}.Debug|Mixed Platforms.ActiveCfg = Debug|Any CPU
		{1631B051-29B4-4D13-8AA3-325ABE41A307}.Debug|Mixed Platforms.Build.0 = Debug|Any CPU
		{1631B051-29B4-4D13-8AA3-325ABE41A307}.Debug|Win32.ActiveCfg = Debug|Any CPU
		{1631B051-29B4-4D13-8AA3-325ABE41A307}.Release|Any CPU.ActiveCfg = Release|Any CPU
		{1631B051-29B4-4D13-8AA3-325ABE41A307}.Release|Any CPU.Build.0 = Release|Any CPU
		{1631B051-29B4-4D13-8AA3-325ABE41A307}.Release|Mixed Platforms.ActiveCfg = Release|Any CPU
		{1631B051-29B4-4D13-8AA3-325ABE41A307}.Release|Mixed Platforms.Build.0 = Release|Any CPU
		{1631B051-29B4-4D13-8AA3-325ABE41A307}.Release|Win32.ActiveCfg = Release|Any CPU
		{D9442201-99D5-4A5E-9FF5-7227BEE00F13}.Debug|Any CPU.ActiveCfg = Debug|Any CPU
		{D9442201-99D5-4A5E-9FF5-7227BEE00F13}.Debug|Any CPU.Build.0 = Debug|Any CPU
		{D9442201-99D5-4A5E-9FF5-7227BEE00F13}.Debug|Mixed Platforms.ActiveCfg = Debug|Any CPU
		{D9442201-99D5-4A5E-9FF5-7227BEE00F13}.Debug|Mixed Platforms.Build.0 = Debug|Any CPU
		{D9442201-99D5-4A5E-9FF5-7227BEE00F13}.Debug|Win32.ActiveCfg = Debug|Any CPU
		{D9442201-99D5-4A5E-9FF5-7227BEE00F13}.Release|Any CPU.ActiveCfg = Release|Any CPU
		{D9442201-99D5-4A5E-9FF5-7227BEE00F13}.Release|Any CPU.Build.0 = Release|Any CPU
		{D9442201-99D5-4A5E-9FF5-7227BEE00F13}.Release|Mixed Platforms.ActiveCfg = Release|Any CPU
		{D9442201-99D5-4A5E-9FF5-7227BEE00F13}.Release|Mixed Platforms.Build.0 = Release|Any CPU
		{D9442201-99D5-4A5E-9FF5-7227BEE00F13}.Release|Win32.ActiveCfg = Release|Any CPU
		{F26527AC-76AD-437D-A0AD-963B8DFA9B09}.Debug|Any CPU.ActiveCfg = Debug|Any CPU
		{F26527AC-76AD-437D-A0AD-963B8DFA9B09}.Debug|Any CPU.Build.0 = Debug|Any CPU
		{F26527AC-76AD-437D-A0AD-963B8DFA9B09}.Debug|Mixed Platforms.ActiveCfg = Debug|Any CPU
		{F26527AC-76AD-437D-A0AD-963B8DFA9B09}.Debug|Mixed Platforms.Build.0 = Debug|Any CPU
		{F26527AC-76AD-437D-A0AD-963B8DFA9B09}.Debug|Win32.ActiveCfg = Debug|Any CPU
		{F26527AC-76AD-437D-A0AD-963B8DFA9B09}.Release|Any CPU.ActiveCfg = Release|Any CPU
		{F26527AC-76AD-437D-A0AD-963B8DFA9B09}.Release|Any CPU.Build.0 = Release|Any CPU
		{F26527AC-76AD-437D-A0AD-963B8DFA9B09}.Release|Mixed Platforms.ActiveCfg = Release|Any CPU
		{F26527AC-76AD-437D-A0AD-963B8DFA9B09}.Release|Mixed Platforms.Build.0 = Release|Any CPU
		{F26527AC-76AD-437D-A0AD-963B8DFA9B09}.Release|Win32.ActiveCfg = Release|Any CPU
		{BD720951-9C4A-44D7-B737-10BDE6BF4D27}.Debug|Any CPU.ActiveCfg = Debug|Win32
		{BD720951-9C4A-44D7-B737-10BDE6BF4D27}.Debug|Mixed Platforms.ActiveCfg = Debug|Win32
		{BD720951-9C4A-44D7-B737-10BDE6BF4D27}.Debug|Mixed Platforms.Build.0 = Debug|Win32
		{BD720951-9C4A-44D7-B737-10BDE6BF4D27}.Debug|Win32.ActiveCfg = Debug|Win32
		{BD720951-9C4A-44D7-B737-10BDE6BF4D27}.Debug|Win32.Build.0 = Debug|Win32
		{BD720951-9C4A-44D7-B737-10BDE6BF4D27}.Release|Any CPU.ActiveCfg = Release|Win32
		{BD720951-9C4A-44D7-B737-10BDE6BF4D27}.Release|Mixed Platforms.ActiveCfg = Release|Win32
		{BD720951-9C4A-44D7-B737-10BDE6BF4D27}.Release|Mixed Platforms.Build.0 = Release|Win32
		{BD720951-9C4A-44D7-B737-10BDE6BF4D27}.Release|Win32.ActiveCfg = Release|Win32
		{BD720951-9C4A-44D7-B737-10BDE6BF4D27}.Release|Win32.Build.0 = Release|Win32
		{5065F694-026F-4045-A446-DF860DA3F657}.Debug|Any CPU.ActiveCfg = Debug|Any CPU
		{5065F694-026F-4045-A446-DF860DA3F657}.Debug|Any CPU.Build.0 = Debug|Any CPU
		{5065F694-026F-4045-A446-DF860DA3F657}.Debug|Mixed Platforms.ActiveCfg = Debug|Any CPU
		{5065F694-026F-4045-A446-DF860DA3F657}.Debug|Mixed Platforms.Build.0 = Debug|Any CPU
		{5065F694-026F-4045-A446-DF860DA3F657}.Debug|Win32.ActiveCfg = Debug|Any CPU
		{5065F694-026F-4045-A446-DF860DA3F657}.Release|Any CPU.ActiveCfg = Release|Any CPU
		{5065F694-026F-4045-A446-DF860DA3F657}.Release|Any CPU.Build.0 = Release|Any CPU
		{5065F694-026F-4045-A446-DF860DA3F657}.Release|Mixed Platforms.ActiveCfg = Release|Any CPU
		{5065F694-026F-4045-A446-DF860DA3F657}.Release|Mixed Platforms.Build.0 = Release|Any CPU
		{5065F694-026F-4045-A446-DF860DA3F657}.Release|Win32.ActiveCfg = Release|Any CPU
		{551D2440-C3F5-40DE-A7DA-D278DF2DB027}.Debug|Any CPU.ActiveCfg = Debug|Any CPU
		{551D2440-C3F5-40DE-A7DA-D278DF2DB027}.Debug|Any CPU.Build.0 = Debug|Any CPU
		{551D2440-C3F5-40DE-A7DA-D278DF2DB027}.Debug|Mixed Platforms.ActiveCfg = Debug|Any CPU
		{551D2440-C3F5-40DE-A7DA-D278DF2DB027}.Debug|Mixed Platforms.Build.0 = Debug|Any CPU
		{551D2440-C3F5-40DE-A7DA-D278DF2DB027}.Debug|Win32.ActiveCfg = Debug|Any CPU
		{551D2440-C3F5-40DE-A7DA-D278DF2DB027}.Debug|Win32.Build.0 = Debug|Any CPU
		{551D2440-C3F5-40DE-A7DA-D278DF2DB027}.Release|Any CPU.ActiveCfg = Release|Any CPU
		{551D2440-C3F5-40DE-A7DA-D278DF2DB027}.Release|Any CPU.Build.0 = Release|Any CPU
		{551D2440-C3F5-40DE-A7DA-D278DF2DB027}.Release|Mixed Platforms.ActiveCfg = Release|Any CPU
		{551D2440-C3F5-40DE-A7DA-D278DF2DB027}.Release|Mixed Platforms.Build.0 = Release|Any CPU
		{551D2440-C3F5-40DE-A7DA-D278DF2DB027}.Release|Win32.ActiveCfg = Release|Any CPU
		{551D2440-C3F5-40DE-A7DA-D278DF2DB027}.Release|Win32.Build.0 = Release|Any CPU
		{4C84E5B1-E0CA-47DF-85FE-32292E771670}.Debug|Any CPU.ActiveCfg = Debug|Any CPU
		{4C84E5B1-E0CA-47DF-85FE-32292E771670}.Debug|Any CPU.Build.0 = Debug|Any CPU
		{4C84E5B1-E0CA-47DF-85FE-32292E771670}.Debug|Mixed Platforms.ActiveCfg = Debug|Any CPU
		{4C84E5B1-E0CA-47DF-85FE-32292E771670}.Debug|Mixed Platforms.Build.0 = Debug|Any CPU
		{4C84E5B1-E0CA-47DF-85FE-32292E771670}.Debug|Win32.ActiveCfg = Debug|Any CPU
		{4C84E5B1-E0CA-47DF-85FE-32292E771670}.Debug|Win32.Build.0 = Debug|Any CPU
		{4C84E5B1-E0CA-47DF-85FE-32292E771670}.Release|Any CPU.ActiveCfg = Release|Any CPU
		{4C84E5B1-E0CA-47DF-85FE-32292E771670}.Release|Any CPU.Build.0 = Release|Any CPU
		{4C84E5B1-E0CA-47DF-85FE-32292E771670}.Release|Mixed Platforms.ActiveCfg = Release|Any CPU
		{4C84E5B1-E0CA-47DF-85FE-32292E771670}.Release|Mixed Platforms.Build.0 = Release|Any CPU
		{4C84E5B1-E0CA-47DF-85FE-32292E771670}.Release|Win32.ActiveCfg = Release|Any CPU
		{4C84E5B1-E0CA-47DF-85FE-32292E771670}.Release|Win32.Build.0 = Release|Any CPU
		{D595A3FA-798E-44A8-9CDA-AA688AF4A3B6}.Debug|Any CPU.ActiveCfg = Debug|Any CPU
		{D595A3FA-798E-44A8-9CDA-AA688AF4A3B6}.Debug|Any CPU.Build.0 = Debug|Any CPU
		{D595A3FA-798E-44A8-9CDA-AA688AF4A3B6}.Debug|Mixed Platforms.ActiveCfg = Debug|Any CPU
		{D595A3FA-798E-44A8-9CDA-AA688AF4A3B6}.Debug|Mixed Platforms.Build.0 = Debug|Any CPU
		{D595A3FA-798E-44A8-9CDA-AA688AF4A3B6}.Debug|Win32.ActiveCfg = Debug|Any CPU
		{D595A3FA-798E-44A8-9CDA-AA688AF4A3B6}.Debug|Win32.Build.0 = Debug|Any CPU
		{D595A3FA-798E-44A8-9CDA-AA688AF4A3B6}.Release|Any CPU.ActiveCfg = Release|Any CPU
		{D595A3FA-798E-44A8-9CDA-AA688AF4A3B6}.Release|Any CPU.Build.0 = Release|Any CPU
		{D595A3FA-798E-44A8-9CDA-AA688AF4A3B6}.Release|Mixed Platforms.ActiveCfg = Release|Any CPU
		{D595A3FA-798E-44A8-9CDA-AA688AF4A3B6}.Release|Mixed Platforms.Build.0 = Release|Any CPU
		{D595A3FA-798E-44A8-9CDA-AA688AF4A3B6}.Release|Win32.ActiveCfg = Release|Any CPU
		{D595A3FA-798E-44A8-9CDA-AA688AF4A3B6}.Release|Win32.Build.0 = Release|Any CPU
		{E95B8D17-0B0B-48BD-88F6-EDE4CBD7AA70}.Debug|Any CPU.ActiveCfg = Debug|Any CPU
		{E95B8D17-0B0B-48BD-88F6-EDE4CBD7AA70}.Debug|Any CPU.Build.0 = Debug|Any CPU
		{E95B8D17-0B0B-48BD-88F6-EDE4CBD7AA70}.Debug|Mixed Platforms.ActiveCfg = Debug|Any CPU
		{E95B8D17-0B0B-48BD-88F6-EDE4CBD7AA70}.Debug|Mixed Platforms.Build.0 = Debug|Any CPU
		{E95B8D17-0B0B-48BD-88F6-EDE4CBD7AA70}.Debug|Win32.ActiveCfg = Debug|Any CPU
		{E95B8D17-0B0B-48BD-88F6-EDE4CBD7AA70}.Debug|Win32.Build.0 = Debug|Any CPU
		{E95B8D17-0B0B-48BD-88F6-EDE4CBD7AA70}.Release|Any CPU.ActiveCfg = Release|Any CPU
		{E95B8D17-0B0B-48BD-88F6-EDE4CBD7AA70}.Release|Any CPU.Build.0 = Release|Any CPU
		{E95B8D17-0B0B-48BD-88F6-EDE4CBD7AA70}.Release|Mixed Platforms.ActiveCfg = Release|Any CPU
		{E95B8D17-0B0B-48BD-88F6-EDE4CBD7AA70}.Release|Mixed Platforms.Build.0 = Release|Any CPU
		{E95B8D17-0B0B-48BD-88F6-EDE4CBD7AA70}.Release|Win32.ActiveCfg = Release|Any CPU
		{E95B8D17-0B0B-48BD-88F6-EDE4CBD7AA70}.Release|Win32.Build.0 = Release|Any CPU
		{1492066C-2564-488A-8775-5BDC117DF17E}.Debug|Any CPU.ActiveCfg = Debug|Any CPU
		{1492066C-2564-488A-8775-5BDC117DF17E}.Debug|Any CPU.Build.0 = Debug|Any CPU
		{1492066C-2564-488A-8775-5BDC117DF17E}.Debug|Mixed Platforms.ActiveCfg = Debug|Any CPU
		{1492066C-2564-488A-8775-5BDC117DF17E}.Debug|Mixed Platforms.Build.0 = Debug|Any CPU
		{1492066C-2564-488A-8775-5BDC117DF17E}.Debug|Win32.ActiveCfg = Debug|Any CPU
		{1492066C-2564-488A-8775-5BDC117DF17E}.Debug|Win32.Build.0 = Debug|Any CPU
		{1492066C-2564-488A-8775-5BDC117DF17E}.Release|Any CPU.ActiveCfg = Release|Any CPU
		{1492066C-2564-488A-8775-5BDC117DF17E}.Release|Any CPU.Build.0 = Release|Any CPU
		{1492066C-2564-488A-8775-5BDC117DF17E}.Release|Mixed Platforms.ActiveCfg = Release|Any CPU
		{1492066C-2564-488A-8775-5BDC117DF17E}.Release|Mixed Platforms.Build.0 = Release|Any CPU
		{1492066C-2564-488A-8775-5BDC117DF17E}.Release|Win32.ActiveCfg = Release|Any CPU
		{1492066C-2564-488A-8775-5BDC117DF17E}.Release|Win32.Build.0 = Release|Any CPU
		{A4766B9C-0C2F-4341-8029-65AA4EAF08DE}.Debug|Any CPU.ActiveCfg = Debug|Any CPU
		{A4766B9C-0C2F-4341-8029-65AA4EAF08DE}.Debug|Any CPU.Build.0 = Debug|Any CPU
		{A4766B9C-0C2F-4341-8029-65AA4EAF08DE}.Debug|Mixed Platforms.ActiveCfg = Debug|Any CPU
		{A4766B9C-0C2F-4341-8029-65AA4EAF08DE}.Debug|Mixed Platforms.Build.0 = Debug|Any CPU
		{A4766B9C-0C2F-4341-8029-65AA4EAF08DE}.Debug|Win32.ActiveCfg = Debug|Any CPU
		{A4766B9C-0C2F-4341-8029-65AA4EAF08DE}.Debug|Win32.Build.0 = Debug|Any CPU
		{A4766B9C-0C2F-4341-8029-65AA4EAF08DE}.Release|Any CPU.ActiveCfg = Release|Any CPU
		{A4766B9C-0C2F-4341-8029-65AA4EAF08DE}.Release|Any CPU.Build.0 = Release|Any CPU
		{A4766B9C-0C2F-4341-8029-65AA4EAF08DE}.Release|Mixed Platforms.ActiveCfg = Release|Any CPU
		{A4766B9C-0C2F-4341-8029-65AA4EAF08DE}.Release|Mixed Platforms.Build.0 = Release|Any CPU
		{A4766B9C-0C2F-4341-8029-65AA4EAF08DE}.Release|Win32.ActiveCfg = Release|Any CPU
		{A4766B9C-0C2F-4341-8029-65AA4EAF08DE}.Release|Win32.Build.0 = Release|Any CPU
		{A0BDDBAE-4451-446F-9848-1484B3C379B3}.Debug|Any CPU.ActiveCfg = Debug|Any CPU
		{A0BDDBAE-4451-446F-9848-1484B3C379B3}.Debug|Any CPU.Build.0 = Debug|Any CPU
		{A0BDDBAE-4451-446F-9848-1484B3C379B3}.Debug|Mixed Platforms.ActiveCfg = Debug|Any CPU
		{A0BDDBAE-4451-446F-9848-1484B3C379B3}.Debug|Mixed Platforms.Build.0 = Debug|Any CPU
		{A0BDDBAE-4451-446F-9848-1484B3C379B3}.Debug|Win32.ActiveCfg = Debug|Any CPU
		{A0BDDBAE-4451-446F-9848-1484B3C379B3}.Debug|Win32.Build.0 = Debug|Any CPU
		{A0BDDBAE-4451-446F-9848-1484B3C379B3}.Release|Any CPU.ActiveCfg = Release|Any CPU
		{A0BDDBAE-4451-446F-9848-1484B3C379B3}.Release|Any CPU.Build.0 = Release|Any CPU
		{A0BDDBAE-4451-446F-9848-1484B3C379B3}.Release|Mixed Platforms.ActiveCfg = Release|Any CPU
		{A0BDDBAE-4451-446F-9848-1484B3C379B3}.Release|Mixed Platforms.Build.0 = Release|Any CPU
		{A0BDDBAE-4451-446F-9848-1484B3C379B3}.Release|Win32.ActiveCfg = Release|Any CPU
		{A0BDDBAE-4451-446F-9848-1484B3C379B3}.Release|Win32.Build.0 = Release|Any CPU
		{E0866D63-EC50-4A2C-AED2-2DE469BA0F80}.Debug|Any CPU.ActiveCfg = Debug|Any CPU
		{E0866D63-EC50-4A2C-AED2-2DE469BA0F80}.Debug|Any CPU.Build.0 = Debug|Any CPU
		{E0866D63-EC50-4A2C-AED2-2DE469BA0F80}.Debug|Mixed Platforms.ActiveCfg = Debug|Any CPU
		{E0866D63-EC50-4A2C-AED2-2DE469BA0F80}.Debug|Mixed Platforms.Build.0 = Debug|Any CPU
		{E0866D63-EC50-4A2C-AED2-2DE469BA0F80}.Debug|Win32.ActiveCfg = Debug|Any CPU
		{E0866D63-EC50-4A2C-AED2-2DE469BA0F80}.Debug|Win32.Build.0 = Debug|Any CPU
		{E0866D63-EC50-4A2C-AED2-2DE469BA0F80}.Release|Any CPU.ActiveCfg = Release|Any CPU
		{E0866D63-EC50-4A2C-AED2-2DE469BA0F80}.Release|Any CPU.Build.0 = Release|Any CPU
		{E0866D63-EC50-4A2C-AED2-2DE469BA0F80}.Release|Mixed Platforms.ActiveCfg = Release|Any CPU
		{E0866D63-EC50-4A2C-AED2-2DE469BA0F80}.Release|Mixed Platforms.Build.0 = Release|Any CPU
		{E0866D63-EC50-4A2C-AED2-2DE469BA0F80}.Release|Win32.ActiveCfg = Release|Any CPU
		{E0866D63-EC50-4A2C-AED2-2DE469BA0F80}.Release|Win32.Build.0 = Release|Any CPU
	EndGlobalSection
	GlobalSection(SolutionProperties) = preSolution
		HideSolutionNode = FALSE
	EndGlobalSection
	GlobalSection(ExtensibilityGlobals) = postSolution
		SolutionGuid = {18B93CD3-1A51-425B-89D1-03A0565D2E21}
		VisualSVNWorkingCopyRoot = .
	EndGlobalSection
EndGlobal
